
Microsoft Visual Studio Solution File, Format Version 12.00
# Visual Studio 15
VisualStudioVersion = 15.0.27130.2003
MinimumVisualStudioVersion = 10.0.40219.1
Project("{FAE04EC0-301F-11D3-BF4B-00C04F79EFBC}") = "Memberships", "Memberships\Memberships.csproj", "{169E695D-02DA-4D3E-90DB-C3077CF6EDD4}"
EndProject
Global
	GlobalSection(SolutionConfigurationPlatforms) = preSolution
		Debug|Any CPU = Debug|Any CPU
		Release|Any CPU = Release|Any CPU
	EndGlobalSection
	GlobalSection(ProjectConfigurationPlatforms) = postSolution
		{169E695D-02DA-4D3E-90DB-C3077CF6EDD4}.Debug|Any CPU.ActiveCfg = Debug|Any CPU
		{169E695D-02DA-4D3E-90DB-C3077CF6EDD4}.Debug|Any CPU.Build.0 = Debug|Any CPU
		{169E695D-02DA-4D3E-90DB-C3077CF6EDD4}.Release|Any CPU.ActiveCfg = Release|Any CPU
		{169E695D-02DA-4D3E-90DB-C3077CF6EDD4}.Release|Any CPU.Build.0 = Release|Any CPU
	EndGlobalSection
	GlobalSection(SolutionProperties) = preSolution
		HideSolutionNode = FALSE
	EndGlobalSection
	GlobalSection(ExtensibilityGlobals) = postSolution
		SolutionGuid = {E3303DF8-9A16-4A82-B1C7-BDC891065DF6}
	EndGlobalSection
EndGlobal
